// !$*UTF8*$!
{
	archiveVersion = 1;
	classes = {
	};
	objectVersion = 46;
	objects = {

/* Begin PBXBuildFile section */
		8B58B76A1C3F423300E57718 /* AppDelegate.swift in Sources */ = {isa = PBXBuildFile; fileRef = 8B58B7691C3F423300E57718 /* AppDelegate.swift */; };
		8B58B76C1C3F423300E57718 /* ViewController.swift in Sources */ = {isa = PBXBuildFile; fileRef = 8B58B76B1C3F423300E57718 /* ViewController.swift */; };
		8B58B76F1C3F423300E57718 /* Main.storyboard in Resources */ = {isa = PBXBuildFile; fileRef = 8B58B76D1C3F423300E57718 /* Main.storyboard */; };
		8B58B7711C3F423300E57718 /* Assets.xcassets in Resources */ = {isa = PBXBuildFile; fileRef = 8B58B7701C3F423300E57718 /* Assets.xcassets */; };
		8B58B7741C3F423300E57718 /* LaunchScreen.storyboard in Resources */ = {isa = PBXBuildFile; fileRef = 8B58B7721C3F423300E57718 /* LaunchScreen.storyboard */; };
		8B58B77F1C3F423300E57718 /* seguepracticeTests.swift in Sources */ = {isa = PBXBuildFile; fileRef = 8B58B77E1C3F423300E57718 /* seguepracticeTests.swift */; };
		8B58B78A1C3F423400E57718 /* seguepracticeUITests.swift in Sources */ = {isa = PBXBuildFile; fileRef = 8B58B7891C3F423400E57718 /* seguepracticeUITests.swift */; };
/* End PBXBuildFile section */

/* Begin PBXContainerItemProxy section */
		8B58B77B1C3F423300E57718 /* PBXContainerItemProxy */ = {
			isa = PBXContainerItemProxy;
			containerPortal = 8B58B75E1C3F423300E57718 /* Project object */;
			proxyType = 1;
			remoteGlobalIDString = 8B58B7651C3F423300E57718;
			remoteInfo = seguepractice;
		};
		8B58B7861C3F423400E57718 /* PBXContainerItemProxy */ = {
			isa = PBXContainerItemProxy;
			containerPortal = 8B58B75E1C3F423300E57718 /* Project object */;
			proxyType = 1;
			remoteGlobalIDString = 8B58B7651C3F423300E57718;
			remoteInfo = seguepractice;
		};
/* End PBXContainerItemProxy section */

/* Begin PBXFileReference section */
		8B58B7661C3F423300E57718 /* seguepractice.app */ = {isa = PBXFileReference; explicitFileType = wrapper.application; includeInIndex = 0; path = seguepractice.app; sourceTree = BUILT_PRODUCTS_DIR; };
		8B58B7691C3F423300E57718 /* AppDelegate.swift */ = {isa = PBXFileReference; lastKnownFileType = sourcecode.swift; path = AppDelegate.swift; sourceTree = "<group>"; };
		8B58B76B1C3F423300E57718 /* ViewController.swift */ = {isa = PBXFileReference; lastKnownFileType = sourcecode.swift; path = ViewController.swift; sourceTree = "<group>"; };
		8B58B76E1C3F423300E57718 /* Base */ = {isa = PBXFileReference; lastKnownFileType = file.storyboard; name = Base; path = Base.lproj/Main.storyboard; sourceTree = "<group>"; };
		8B58B7701C3F423300E57718 /* Assets.xcassets */ = {isa = PBXFileReference; lastKnownFileType = folder.assetcatalog; path = Assets.xcassets; sourceTree = "<group>"; };
		8B58B7731C3F423300E57718 /* Base */ = {isa = PBXFileReference; lastKnownFileType = file.storyboard; name = Base; path = Base.lproj/LaunchScreen.storyboard; sourceTree = "<group>"; };
		8B58B7751C3F423300E57718 /* Info.plist */ = {isa = PBXFileReference; lastKnownFileType = text.plist.xml; path = Info.plist; sourceTree = "<group>"; };
		8B58B77A1C3F423300E57718 /* seguepracticeTests.xctest */ = {isa = PBXFileReference; explicitFileType = wrapper.cfbundle; includeInIndex = 0; path = seguepracticeTests.xctest; sourceTree = BUILT_PRODUCTS_DIR; };
		8B58B77E1C3F423300E57718 /* seguepracticeTests.swift */ = {isa = PBXFileReference; lastKnownFileType = sourcecode.swift; path = seguepracticeTests.swift; sourceTree = "<group>"; };
		8B58B7801C3F423300E57718 /* Info.plist */ = {isa = PBXFileReference; lastKnownFileType = text.plist.xml; path = Info.plist; sourceTree = "<group>"; };
		8B58B7851C3F423400E57718 /* seguepracticeUITests.xctest */ = {isa = PBXFileReference; explicitFileType = wrapper.cfbundle; includeInIndex = 0; path = seguepracticeUITests.xctest; sourceTree = BUILT_PRODUCTS_DIR; };
		8B58B7891C3F423400E57718 /* seguepracticeUITests.swift */ = {isa = PBXFileReference; lastKnownFileType = sourcecode.swift; path = seguepracticeUITests.swift; sourceTree = "<group>"; };
		8B58B78B1C3F423400E57718 /* Info.plist */ = {isa = PBXFileReference; lastKnownFileType = text.plist.xml; path = Info.plist; sourceTree = "<group>"; };
/* End PBXFileReference section */

/* Begin PBXFrameworksBuildPhase section */
		8B58B7631C3F423300E57718 /* Frameworks */ = {
			isa = PBXFrameworksBuildPhase;
			buildActionMask = 2147483647;
			files = (
			);
			runOnlyForDeploymentPostprocessing = 0;
		};
		8B58B7771C3F423300E57718 /* Frameworks */ = {
			isa = PBXFrameworksBuildPhase;
			buildActionMask = 2147483647;
			files = (
			);
			runOnlyForDeploymentPostprocessing = 0;
		};
		8B58B7821C3F423400E57718 /* Frameworks */ = {
			isa = PBXFrameworksBuildPhase;
			buildActionMask = 2147483647;
			files = (
			);
			runOnlyForDeploymentPostprocessing = 0;
		};
/* End PBXFrameworksBuildPhase section */

/* Begin PBXGroup section */
		8B58B75D1C3F423300E57718 = {
			isa = PBXGroup;
			children = (
				8B58B7681C3F423300E57718 /* seguepractice */,
				8B58B77D1C3F423300E57718 /* seguepracticeTests */,
				8B58B7881C3F423400E57718 /* seguepracticeUITests */,
				8B58B7671C3F423300E57718 /* Products */,
			);
			sourceTree = "<group>";
		};
		8B58B7671C3F423300E57718 /* Products */ = {
			isa = PBXGroup;
			children = (
				8B58B7661C3F423300E57718 /* seguepractice.app */,
				8B58B77A1C3F423300E57718 /* seguepracticeTests.xctest */,
				8B58B7851C3F423400E57718 /* seguepracticeUITests.xctest */,
			);
			name = Products;
			sourceTree = "<group>";
		};
		8B58B7681C3F423300E57718 /* seguepractice */ = {
			isa = PBXGroup;
			children = (
				8B58B7691C3F423300E57718 /* AppDelegate.swift */,
				8B58B76B1C3F423300E57718 /* ViewController.swift */,
				8B58B76D1C3F423300E57718 /* Main.storyboard */,
				8B58B7701C3F423300E57718 /* Assets.xcassets */,
				8B58B7721C3F423300E57718 /* LaunchScreen.storyboard */,
				8B58B7751C3F423300E57718 /* Info.plist */,
			);
			path = seguepractice;
			sourceTree = "<group>";
		};
		8B58B77D1C3F423300E57718 /* seguepracticeTests */ = {
			isa = PBXGroup;
			children = (
				8B58B77E1C3F423300E57718 /* seguepracticeTests.swift */,
				8B58B7801C3F423300E57718 /* Info.plist */,
			);
			path = seguepracticeTests;
			sourceTree = "<group>";
		};
		8B58B7881C3F423400E57718 /* seguepracticeUITests */ = {
			isa = PBXGroup;
			children = (
				8B58B7891C3F423400E57718 /* seguepracticeUITests.swift */,
				8B58B78B1C3F423400E57718 /* Info.plist */,
			);
			path = seguepracticeUITests;
			sourceTree = "<group>";
		};
/* End PBXGroup section */

/* Begin PBXNativeTarget section */
		8B58B7651C3F423300E57718 /* seguepractice */ = {
			isa = PBXNativeTarget;
			buildConfigurationList = 8B58B78E1C3F423400E57718 /* Build configuration list for PBXNativeTarget "seguepractice" */;
			buildPhases = (
				8B58B7621C3F423300E57718 /* Sources */,
				8B58B7631C3F423300E57718 /* Frameworks */,
				8B58B7641C3F423300E57718 /* Resources */,
			);
			buildRules = (
			);
			dependencies = (
			);
			name = seguepractice;
			productName = seguepractice;
			productReference = 8B58B7661C3F423300E57718 /* seguepractice.app */;
			productType = "com.apple.product-type.application";
		};
		8B58B7791C3F423300E57718 /* seguepracticeTests */ = {
			isa = PBXNativeTarget;
			buildConfigurationList = 8B58B7911C3F423400E57718 /* Build configuration list for PBXNativeTarget "seguepracticeTests" */;
			buildPhases = (
				8B58B7761C3F423300E57718 /* Sources */,
				8B58B7771C3F423300E57718 /* Frameworks */,
				8B58B7781C3F423300E57718 /* Resources */,
			);
			buildRules = (
			);
			dependencies = (
				8B58B77C1C3F423300E57718 /* PBXTargetDependency */,
			);
			name = seguepracticeTests;
			productName = seguepracticeTests;
			productReference = 8B58B77A1C3F423300E57718 /* seguepracticeTests.xctest */;
			productType = "com.apple.product-type.bundle.unit-test";
		};
		8B58B7841C3F423400E57718 /* seguepracticeUITests */ = {
			isa = PBXNativeTarget;
			buildConfigurationList = 8B58B7941C3F423400E57718 /* Build configuration list for PBXNativeTarget "seguepracticeUITests" */;
			buildPhases = (
				8B58B7811C3F423400E57718 /* Sources */,
				8B58B7821C3F423400E57718 /* Frameworks */,
				8B58B7831C3F423400E57718 /* Resources */,
			);
			buildRules = (
			);
			dependencies = (
				8B58B7871C3F423400E57718 /* PBXTargetDependency */,
			);
			name = seguepracticeUITests;
			productName = seguepracticeUITests;
			productReference = 8B58B7851C3F423400E57718 /* seguepracticeUITests.xctest */;
			productType = "com.apple.product-type.bundle.ui-testing";
		};
/* End PBXNativeTarget section */

/* Begin PBXProject section */
		8B58B75E1C3F423300E57718 /* Project object */ = {
			isa = PBXProject;
			attributes = {
				LastSwiftUpdateCheck = 0720;
				LastUpgradeCheck = 0720;
				ORGANIZATIONNAME = Brett;
				TargetAttributes = {
					8B58B7651C3F423300E57718 = {
						CreatedOnToolsVersion = 7.2;
					};
					8B58B7791C3F423300E57718 = {
						CreatedOnToolsVersion = 7.2;
						TestTargetID = 8B58B7651C3F423300E57718;
					};
					8B58B7841C3F423400E57718 = {
						CreatedOnToolsVersion = 7.2;
						TestTargetID = 8B58B7651C3F423300E57718;
					};
				};
			};
			buildConfigurationList = 8B58B7611C3F423300E57718 /* Build configuration list for PBXProject "seguepractice" */;
			compatibilityVersion = "Xcode 3.2";
			developmentRegion = English;
			hasScannedForEncodings = 0;
			knownRegions = (
				en,
				Base,
			);
			mainGroup = 8B58B75D1C3F423300E57718;
			productRefGroup = 8B58B7671C3F423300E57718 /* Products */;
			projectDirPath = "";
			projectRoot = "";
			targets = (
				8B58B7651C3F423300E57718 /* seguepractice */,
				8B58B7791C3F423300E57718 /* seguepracticeTests */,
				8B58B7841C3F423400E57718 /* seguepracticeUITests */,
			);
		};
/* End PBXProject section */

/* Begin PBXResourcesBuildPhase section */
		8B58B7641C3F423300E57718 /* Resources */ = {
			isa = PBXResourcesBuildPhase;
			buildActionMask = 2147483647;
			files = (
				8B58B7741C3F423300E57718 /* LaunchScreen.storyboard in Resources */,
				8B58B7711C3F423300E57718 /* Assets.xcassets in Resources */,
				8B58B76F1C3F423300E57718 /* Main.storyboard in Resources */,
			);
			runOnlyForDeploymentPostprocessing = 0;
		};
		8B58B7781C3F423300E57718 /* Resources */ = {
			isa = PBXResourcesBuildPhase;
			buildActionMask = 2147483647;
			files = (
			);
			runOnlyForDeploymentPostprocessing = 0;
		};
		8B58B7831C3F423400E57718 /* Resources */ = {
			isa = PBXResourcesBuildPhase;
			buildActionMask = 2147483647;
			files = (
			);
			runOnlyForDeploymentPostprocessing = 0;
		};
/* End PBXResourcesBuildPhase section */

/* Begin PBXSourcesBuildPhase section */
		8B58B7621C3F423300E57718 /* Sources */ = {
			isa = PBXSourcesBuildPhase;
			buildActionMask = 2147483647;
			files = (
				8B58B76C1C3F423300E57718 /* ViewController.swift in Sources */,
				8B58B76A1C3F423300E57718 /* AppDelegate.swift in Sources */,
			);
			runOnlyForDeploymentPostprocessing = 0;
		};
		8B58B7761C3F423300E57718 /* Sources */ = {
			isa = PBXSourcesBuildPhase;
			buildActionMask = 2147483647;
			files = (
				8B58B77F1C3F423300E57718 /* seguepracticeTests.swift in Sources */,
			);
			runOnlyForDeploymentPostprocessing = 0;
		};
		8B58B7811C3F423400E57718 /* Sources */ = {
			isa = PBXSourcesBuildPhase;
			buildActionMask = 2147483647;
			files = (
				8B58B78A1C3F423400E57718 /* seguepracticeUITests.swift in Sources */,
			);
			runOnlyForDeploymentPostprocessing = 0;
		};
/* End PBXSourcesBuildPhase section */

/* Begin PBXTargetDependency section */
		8B58B77C1C3F423300E57718 /* PBXTargetDependency */ = {
			isa = PBXTargetDependency;
			target = 8B58B7651C3F423300E57718 /* seguepractice */;
			targetProxy = 8B58B77B1C3F423300E57718 /* PBXContainerItemProxy */;
		};
		8B58B7871C3F423400E57718 /* PBXTargetDependency */ = {
			isa = PBXTargetDependency;
			target = 8B58B7651C3F423300E57718 /* seguepractice */;
			targetProxy = 8B58B7861C3F423400E57718 /* PBXContainerItemProxy */;
		};
/* End PBXTargetDependency section */

/* Begin PBXVariantGroup section */
		8B58B76D1C3F423300E57718 /* Main.storyboard */ = {
			isa = PBXVariantGroup;
			children = (
				8B58B76E1C3F423300E57718 /* Base */,
			);
			name = Main.storyboard;
			sourceTree = "<group>";
		};
		8B58B7721C3F423300E57718 /* LaunchScreen.storyboard */ = {
			isa = PBXVariantGroup;
			children = (
				8B58B7731C3F423300E57718 /* Base */,
			);
			name = LaunchScreen.storyboard;
			sourceTree = "<group>";
		};
/* End PBXVariantGroup section */

/* Begin XCBuildConfiguration section */
		8B58B78C1C3F423400E57718 /* Debug */ = {
			isa = XCBuildConfiguration;
			buildSettings = {
				ALWAYS_SEARCH_USER_PATHS = NO;
				CLANG_CXX_LANGUAGE_STANDARD = "gnu++0x";
				CLANG_CXX_LIBRARY = "libc++";
				CLANG_ENABLE_MODULES = YES;
				CLANG_ENABLE_OBJC_ARC = YES;
				CLANG_WARN_BOOL_CONVERSION = YES;
				CLANG_WARN_CONSTANT_CONVERSION = YES;
				CLANG_WARN_DIRECT_OBJC_ISA_USAGE = YES_ERROR;
				CLANG_WARN_EMPTY_BODY = YES;
				CLANG_WARN_ENUM_CONVERSION = YES;
				CLANG_WARN_INT_CONVERSION = YES;
				CLANG_WARN_OBJC_ROOT_CLASS = YES_ERROR;
				CLANG_WARN_UNREACHABLE_CODE = YES;
				CLANG_WARN__DUPLICATE_METHOD_MATCH = YES;
				"CODE_SIGN_IDENTITY[sdk=iphoneos*]" = "iPhone Developer";
				COPY_PHASE_STRIP = NO;
				DEBUG_INFORMATION_FORMAT = dwarf;
				ENABLE_STRICT_OBJC_MSGSEND = YES;
				ENABLE_TESTABILITY = YES;
				GCC_C_LANGUAGE_STANDARD = gnu99;
				GCC_DYNAMIC_NO_PIC = NO;
				GCC_NO_COMMON_BLOCKS = YES;
				GCC_OPTIMIZATION_LEVEL = 0;
				GCC_PREPROCESSOR_DEFINITIONS = (
					"DEBUG=1",
					"$(inherited)",
				);
				GCC_WARN_64_TO_32_BIT_CONVERSION = YES;
				GCC_WARN_ABOUT_RETURN_TYPE = YES_ERROR;
				GCC_WARN_UNDECLARED_SELECTOR = YES;
				GCC_WARN_UNINITIALIZED_AUTOS = YES_AGGRESSIVE;
				GCC_WARN_UNUSED_FUNCTION = YES;
				GCC_WARN_UNUSED_VARIABLE = YES;
				IPHONEOS_DEPLOYMENT_TARGET = 9.2;
				MTL_ENABLE_DEBUG_INFO = YES;
				ONLY_ACTIVE_ARCH = YES;
				SDKROOT = iphoneos;
				SWIFT_OPTIMIZATION_LEVEL = "-Onone";
				TARGETED_DEVICE_FAMILY = "1,2";
			};
			name = Debug;
		};
		8B58B78D1C3F423400E57718 /* Release */ = {
			isa = XCBuildConfiguration;
			buildSettings = {
				ALWAYS_SEARCH_USER_PATHS = NO;
				CLANG_CXX_LANGUAGE_STANDARD = "gnu++0x";
				CLANG_CXX_LIBRARY = "libc++";
				CLANG_ENABLE_MODULES = YES;
				CLANG_ENABLE_OBJC_ARC = YES;
				CLANG_WARN_BOOL_CONVERSION = YES;
				CLANG_WARN_CONSTANT_CONVERSION = YES;
				CLANG_WARN_DIRECT_OBJC_ISA_USAGE = YES_ERROR;
				CLANG_WARN_EMPTY_BODY = YES;
				CLANG_WARN_ENUM_CONVERSION = YES;
				CLANG_WARN_INT_CONVERSION = YES;
				CLANG_WARN_OBJC_ROOT_CLASS = YES_ERROR;
				CLANG_WARN_UNREACHABLE_CODE = YES;
				CLANG_WARN__DUPLICATE_METHOD_MATCH = YES;
				"CODE_SIGN_IDENTITY[sdk=iphoneos*]" = "iPhone Developer";
				COPY_PHASE_STRIP = NO;
				DEBUG_INFORMATION_FORMAT = "dwarf-with-dsym";
				ENABLE_NS_ASSERTIONS = NO;
				ENABLE_STRICT_OBJC_MSGSEND = YES;
				GCC_C_LANGUAGE_STANDARD = gnu99;
				GCC_NO_COMMON_BLOCKS = YES;
				GCC_WARN_64_TO_32_BIT_CONVERSION = YES;
				GCC_WARN_ABOUT_RETURN_TYPE = YES_ERROR;
				GCC_WARN_UNDECLARED_SELECTOR = YES;
				GCC_WARN_UNINITIALIZED_AUTOS = YES_AGGRESSIVE;
				GCC_WARN_UNUSED_FUNCTION = YES;
				GCC_WARN_UNUSED_VARIABLE = YES;
				IPHONEOS_DEPLOYMENT_TARGET = 9.2;
				MTL_ENABLE_DEBUG_INFO = NO;
				SDKROOT = iphoneos;
				TARGETED_DEVICE_FAMILY = "1,2";
				VALIDATE_PRODUCT = YES;
			};
			name = Release;
		};
		8B58B78F1C3F423400E57718 /* Debug */ = {
			isa = XCBuildConfiguration;
			buildSettings = {
				ASSETCATALOG_COMPILER_APPICON_NAME = AppIcon;
				INFOPLIST_FILE = seguepractice/Info.plist;
				LD_RUNPATH_SEARCH_PATHS = "$(inherited) @executable_path/Frameworks";
				PRODUCT_BUNDLE_IDENTIFIER = logU.seguepractice;
				PRODUCT_NAME = "$(TARGET_NAME)";
			};
			name = Debug;
		};
		8B58B7901C3F423400E57718 /* Release */ = {
			isa = XCBuildConfiguration;
			buildSettings = {
				ASSETCATALOG_COMPILER_APPICON_NAME = AppIcon;
				INFOPLIST_FILE = seguepractice/Info.plist;
				LD_RUNPATH_SEARCH_PATHS = "$(inherited) @executable_path/Frameworks";
				PRODUCT_BUNDLE_IDENTIFIER = logU.seguepractice;
				PRODUCT_NAME = "$(TARGET_NAME)";
			};
			name = Release;
		};
		8B58B7921C3F423400E57718 /* Debug */ = {
			isa = XCBuildConfiguration;
			buildSettings = {
				BUNDLE_LOADER = "$(TEST_HOST)";
				INFOPLIST_FILE = seguepracticeTests/Info.plist;
				LD_RUNPATH_SEARCH_PATHS = "$(inherited) @executable_path/Frameworks @loader_path/Frameworks";
				PRODUCT_BUNDLE_IDENTIFIER = logU.seguepracticeTests;
				PRODUCT_NAME = "$(TARGET_NAME)";
				TEST_HOST = "$(BUILT_PRODUCTS_DIR)/seguepractice.app/seguepractice";
			};
			name = Debug;
		};
		8B58B7931C3F423400E57718 /* Release */ = {
			isa = XCBuildConfiguration;
			buildSettings = {
				BUNDLE_LOADER = "$(TEST_HOST)";
				INFOPLIST_FILE = seguepracticeTests/Info.plist;
				LD_RUNPATH_SEARCH_PATHS = "$(inherited) @executable_path/Frameworks @loader_path/Frameworks";
				PRODUCT_BUNDLE_IDENTIFIER = logU.seguepracticeTests;
				PRODUCT_NAME = "$(TARGET_NAME)";
				TEST_HOST = "$(BUILT_PRODUCTS_DIR)/seguepractice.app/seguepractice";
			};
			name = Release;
		};
		8B58B7951C3F423400E57718 /* Debug */ = {
			isa = XCBuildConfiguration;
			buildSettings = {
				INFOPLIST_FILE = seguepracticeUITests/Info.plist;
				LD_RUNPATH_SEARCH_PATHS = "$(inherited) @executable_path/Frameworks @loader_path/Frameworks";
				PRODUCT_BUNDLE_IDENTIFIER = logU.seguepracticeUITests;
				PRODUCT_NAME = "$(TARGET_NAME)";
				TEST_TARGET_NAME = seguepractice;
				USES_XCTRUNNER = YES;
			};
			name = Debug;
		};
		8B58B7961C3F423400E57718 /* Release */ = {
			isa = XCBuildConfiguration;
			buildSettings = {
				INFOPLIST_FILE = seguepracticeUITests/Info.plist;
				LD_RUNPATH_SEARCH_PATHS = "$(inherited) @executable_path/Frameworks @loader_path/Frameworks";
				PRODUCT_BUNDLE_IDENTIFIER = logU.seguepracticeUITests;
				PRODUCT_NAME = "$(TARGET_NAME)";
				TEST_TARGET_NAME = seguepractice;
				USES_XCTRUNNER = YES;
			};
			name = Release;
		};
/* End XCBuildConfiguration section */

/* Begin XCConfigurationList section */
		8B58B7611C3F423300E57718 /* Build configuration list for PBXProject "seguepractice" */ = {
			isa = XCConfigurationList;
			buildConfigurations = (
				8B58B78C1C3F423400E57718 /* Debug */,
				8B58B78D1C3F423400E57718 /* Release */,
			);
			defaultConfigurationIsVisible = 0;
			defaultConfigurationName = Release;
		};
		8B58B78E1C3F423400E57718 /* Build configuration list for PBXNativeTarget "seguepractice" */ = {
			isa = XCConfigurationList;
			buildConfigurations = (
				8B58B78F1C3F423400E57718 /* Debug */,
				8B58B7901C3F423400E57718 /* Release */,
			);
			defaultConfigurationIsVisible = 0;
		};
		8B58B7911C3F423400E57718 /* Build configuration list for PBXNativeTarget "seguepracticeTests" */ = {
			isa = XCConfigurationList;
			buildConfigurations = (
				8B58B7921C3F423400E57718 /* Debug */,
				8B58B7931C3F423400E57718 /* Release */,
			);
			defaultConfigurationIsVisible = 0;
		};
		8B58B7941C3F423400E57718 /* Build configuration list for PBXNativeTarget "seguepracticeUITests" */ = {
			isa = XCConfigurationList;
			buildConfigurations = (
				8B58B7951C3F423400E57718 /* Debug */,
				8B58B7961C3F423400E57718 /* Release */,
			);
			defaultConfigurationIsVisible = 0;
		};
/* End XCConfigurationList section */
	};
	rootObject = 8B58B75E1C3F423300E57718 /* Project object */;
}
