// !$*UTF8*$!
{
	archiveVersion = 1;
	classes = {
	};
	objectVersion = 46;
	objects = {

/* Begin PBXBuildFile section */
		8BB596DB1C513968003B98BA /* ConnectionTest.swift in Sources */ = {isa = PBXBuildFile; fileRef = 8BB596DA1C513968003B98BA /* ConnectionTest.swift */; };
		8BB596E01C513BE8003B98BA /* LiftDataModel.xcdatamodeld in Sources */ = {isa = PBXBuildFile; fileRef = 8BB596DE1C513BE8003B98BA /* LiftDataModel.xcdatamodeld */; };
		8BB596E21C514449003B98BA /* OfflineRequest.swift in Sources */ = {isa = PBXBuildFile; fileRef = 8BB596E11C514449003B98BA /* OfflineRequest.swift */; };
		B505D0251C55B5AE00C09549 /* SettingsTableViewController.swift in Sources */ = {isa = PBXBuildFile; fileRef = B505D0241C55B5AE00C09549 /* SettingsTableViewController.swift */; };
		B505D0291C55C27500C09549 /* SettingsTableViewCell.swift in Sources */ = {isa = PBXBuildFile; fileRef = B505D0281C55C27500C09549 /* SettingsTableViewCell.swift */; };
		B505D02B1C55CEDB00C09549 /* Settings.swift in Sources */ = {isa = PBXBuildFile; fileRef = B505D02A1C55CEDB00C09549 /* Settings.swift */; };
		B52FFA561C62F16A00C5F481 /* StatsData.swift in Sources */ = {isa = PBXBuildFile; fileRef = B52FFA551C62F16A00C5F481 /* StatsData.swift */; };
		B55E02431C64578A00DBACF6 /* Eureka.framework in Frameworks */ = {isa = PBXBuildFile; fileRef = B55E02401C64577300DBACF6 /* Eureka.framework */; };
		B55E02441C64578A00DBACF6 /* Eureka.framework in Embed Frameworks */ = {isa = PBXBuildFile; fileRef = B55E02401C64577300DBACF6 /* Eureka.framework */; settings = {ATTRIBUTES = (CodeSignOnCopy, RemoveHeadersOnCopy, ); }; };
		B55E02481C6457C200DBACF6 /* LogLift.swift in Sources */ = {isa = PBXBuildFile; fileRef = B55E02471C6457C200DBACF6 /* LogLift.swift */; };
		B56863DC1C58374B0065D641 /* DashData.swift in Sources */ = {isa = PBXBuildFile; fileRef = B56863DB1C58374B0065D641 /* DashData.swift */; };
		B56863E01C59A1A70065D641 /* SignUpViewController.swift in Sources */ = {isa = PBXBuildFile; fileRef = B56863DF1C59A1A70065D641 /* SignUpViewController.swift */; };
		B5787C371C7AA2B400694C44 /* JsonData.swift in Sources */ = {isa = PBXBuildFile; fileRef = B5787C361C7AA2B400694C44 /* JsonData.swift */; };
		B5787C391C7AA36D00694C44 /* DeleteAccount.swift in Sources */ = {isa = PBXBuildFile; fileRef = B5787C381C7AA36D00694C44 /* DeleteAccount.swift */; };
		B586A19B1C8A6BF9006636D7 /* EditLift.swift in Sources */ = {isa = PBXBuildFile; fileRef = B586A19A1C8A6BF9006636D7 /* EditLift.swift */; };
		B58E938F1C6EDFED00CFC8CA /* Theme.swift in Sources */ = {isa = PBXBuildFile; fileRef = B58E938E1C6EDFED00CFC8CA /* Theme.swift */; };
		B5A54A841C8CCB320011DED9 /* DeviceKit.framework in Frameworks */ = {isa = PBXBuildFile; fileRef = B5A54A7C1C8CCB0C0011DED9 /* DeviceKit.framework */; };
		B5A54A851C8CCB320011DED9 /* DeviceKit.framework in Embed Frameworks */ = {isa = PBXBuildFile; fileRef = B5A54A7C1C8CCB0C0011DED9 /* DeviceKit.framework */; settings = {ATTRIBUTES = (CodeSignOnCopy, RemoveHeadersOnCopy, ); }; };
		B5AEB2F11C7FF8F6006FC791 /* FrequencyTableViewCell.swift in Sources */ = {isa = PBXBuildFile; fileRef = B5AEB2F01C7FF8F6006FC791 /* FrequencyTableViewCell.swift */; };
		B5AEB2F31C7FF9A5006FC791 /* FrequencyTableViewController.swift in Sources */ = {isa = PBXBuildFile; fileRef = B5AEB2F21C7FF9A5006FC791 /* FrequencyTableViewController.swift */; };
		B5C6F1041C4F25F70016B70E /* logUTests.swift in Sources */ = {isa = PBXBuildFile; fileRef = B5C6F1031C4F25F70016B70E /* logUTests.swift */; };
		B5C6F10F1C4F25F70016B70E /* logUUITests.swift in Sources */ = {isa = PBXBuildFile; fileRef = B5C6F10E1C4F25F70016B70E /* logUUITests.swift */; };
		B5C6F12A1C4F26480016B70E /* AppDelegate.swift in Sources */ = {isa = PBXBuildFile; fileRef = B5C6F11C1C4F26480016B70E /* AppDelegate.swift */; };
		B5C6F12B1C4F26480016B70E /* Assets.xcassets in Resources */ = {isa = PBXBuildFile; fileRef = B5C6F11D1C4F26480016B70E /* Assets.xcassets */; };
		B5C6F12C1C4F26480016B70E /* BenchViewController.swift in Sources */ = {isa = PBXBuildFile; fileRef = B5C6F11E1C4F26480016B70E /* BenchViewController.swift */; };
		B5C6F12D1C4F26480016B70E /* DashTableViewController.swift in Sources */ = {isa = PBXBuildFile; fileRef = B5C6F11F1C4F26480016B70E /* DashTableViewController.swift */; };
		B5C6F12E1C4F26480016B70E /* DeadliftViewController.swift in Sources */ = {isa = PBXBuildFile; fileRef = B5C6F1201C4F26480016B70E /* DeadliftViewController.swift */; };
		B5C6F12F1C4F26480016B70E /* GraphData.swift in Sources */ = {isa = PBXBuildFile; fileRef = B5C6F1211C4F26480016B70E /* GraphData.swift */; };
		B5C6F1301C4F26480016B70E /* GraphViewController.swift in Sources */ = {isa = PBXBuildFile; fileRef = B5C6F1221C4F26480016B70E /* GraphViewController.swift */; };
		B5C6F1311C4F26480016B70E /* Info.plist in Resources */ = {isa = PBXBuildFile; fileRef = B5C6F1231C4F26480016B70E /* Info.plist */; };
		B5C6F1331C4F26480016B70E /* LiftTableViewCell.swift in Sources */ = {isa = PBXBuildFile; fileRef = B5C6F1251C4F26480016B70E /* LiftTableViewCell.swift */; };
		B5C6F1341C4F26480016B70E /* LoginVC.swift in Sources */ = {isa = PBXBuildFile; fileRef = B5C6F1261C4F26480016B70E /* LoginVC.swift */; };
		B5C6F1361C4F26480016B70E /* SquatViewController.swift in Sources */ = {isa = PBXBuildFile; fileRef = B5C6F1281C4F26480016B70E /* SquatViewController.swift */; };
		B5C6F1441C4F26EA0016B70E /* Charts.framework in Frameworks */ = {isa = PBXBuildFile; fileRef = B5C6F13F1C4F26DD0016B70E /* Charts.framework */; };
		B5C6F1451C4F26EA0016B70E /* Charts.framework in Embed Frameworks */ = {isa = PBXBuildFile; fileRef = B5C6F13F1C4F26DD0016B70E /* Charts.framework */; settings = {ATTRIBUTES = (CodeSignOnCopy, RemoveHeadersOnCopy, ); }; };
		B5C6F14D1C4F27520016B70E /* LaunchScreen.storyboard in Resources */ = {isa = PBXBuildFile; fileRef = B5C6F1491C4F27520016B70E /* LaunchScreen.storyboard */; };
		B5C6F14E1C4F27520016B70E /* Main.storyboard in Resources */ = {isa = PBXBuildFile; fileRef = B5C6F14B1C4F27520016B70E /* Main.storyboard */; };
		B5C6F1581C4F3A9E0016B70E /* StatsTableViewController.swift in Sources */ = {isa = PBXBuildFile; fileRef = B5C6F1571C4F3A9E0016B70E /* StatsTableViewController.swift */; };
		B5C6F15A1C4F3AFE0016B70E /* StatsTableViewCell.swift in Sources */ = {isa = PBXBuildFile; fileRef = B5C6F1591C4F3AFE0016B70E /* StatsTableViewCell.swift */; };
		B5C6F15C1C4F40DF0016B70E /* MaxesTableViewController.swift in Sources */ = {isa = PBXBuildFile; fileRef = B5C6F15B1C4F40DF0016B70E /* MaxesTableViewController.swift */; };
		B5C6F15E1C4F45240016B70E /* MaxesTableViewCell.swift in Sources */ = {isa = PBXBuildFile; fileRef = B5C6F15D1C4F45240016B70E /* MaxesTableViewCell.swift */; };
		B5C6F1681C557ACD0016B70E /* PoundageTableViewCell.swift in Sources */ = {isa = PBXBuildFile; fileRef = B5C6F1671C557ACD0016B70E /* PoundageTableViewCell.swift */; };
		B5C6F16C1C557B4E0016B70E /* PoundageTableViewController.swift in Sources */ = {isa = PBXBuildFile; fileRef = B5C6F16B1C557B4E0016B70E /* PoundageTableViewController.swift */; };
		B5F5D8981C6FA23B0037B51B /* GraphSegmented.swift in Sources */ = {isa = PBXBuildFile; fileRef = B5F5D8971C6FA23B0037B51B /* GraphSegmented.swift */; };
		B5F5D89D1C6FA3110037B51B /* SegmentedControlParentVC.swift in Sources */ = {isa = PBXBuildFile; fileRef = B5F5D89C1C6FA3110037B51B /* SegmentedControlParentVC.swift */; };
		C681BE885C54F2E0D318C54E /* Pods.framework in Frameworks */ = {isa = PBXBuildFile; fileRef = ACF0D323F1ACAA97C55B4611 /* Pods.framework */; };
/* End PBXBuildFile section */

/* Begin PBXContainerItemProxy section */
		B55E023F1C64577300DBACF6 /* PBXContainerItemProxy */ = {
			isa = PBXContainerItemProxy;
			containerPortal = B55E02381C64577300DBACF6 /* Eureka.xcodeproj */;
			proxyType = 2;
			remoteGlobalIDString = 51729DEB1B9A4F5E004A00EB;
			remoteInfo = Eureka;
		};
		B55E02411C64577300DBACF6 /* PBXContainerItemProxy */ = {
			isa = PBXContainerItemProxy;
			containerPortal = B55E02381C64577300DBACF6 /* Eureka.xcodeproj */;
			proxyType = 2;
			remoteGlobalIDString = 51729DF51B9A4F5E004A00EB;
			remoteInfo = EurekaTests;
		};
		B55E02451C64578A00DBACF6 /* PBXContainerItemProxy */ = {
			isa = PBXContainerItemProxy;
			containerPortal = B55E02381C64577300DBACF6 /* Eureka.xcodeproj */;
			proxyType = 1;
			remoteGlobalIDString = 51729DEA1B9A4F5E004A00EB;
			remoteInfo = Eureka;
		};
		B5A54A7B1C8CCB0C0011DED9 /* PBXContainerItemProxy */ = {
			isa = PBXContainerItemProxy;
			containerPortal = B5A54A721C8CCB0C0011DED9 /* DeviceKit.xcodeproj */;
			proxyType = 2;
			remoteGlobalIDString = 95CBDB6F1BFD2B5F0065FC66;
			remoteInfo = "DeviceKit-iOS";
		};
		B5A54A7D1C8CCB0C0011DED9 /* PBXContainerItemProxy */ = {
			isa = PBXContainerItemProxy;
			containerPortal = B5A54A721C8CCB0C0011DED9 /* DeviceKit.xcodeproj */;
			proxyType = 2;
			remoteGlobalIDString = 95CBDB791BFD2B5F0065FC66;
			remoteInfo = "DeviceKit-iOSTests";
		};
		B5A54A7F1C8CCB0C0011DED9 /* PBXContainerItemProxy */ = {
			isa = PBXContainerItemProxy;
			containerPortal = B5A54A721C8CCB0C0011DED9 /* DeviceKit.xcodeproj */;
			proxyType = 2;
			remoteGlobalIDString = 95CBDB8C1BFD2B720065FC66;
			remoteInfo = "DeviceKit-tvOS";
		};
		B5A54A811C8CCB0C0011DED9 /* PBXContainerItemProxy */ = {
			isa = PBXContainerItemProxy;
			containerPortal = B5A54A721C8CCB0C0011DED9 /* DeviceKit.xcodeproj */;
			proxyType = 2;
			remoteGlobalIDString = 95CBDB951BFD2B720065FC66;
			remoteInfo = "DeviceKit-tvOSTests";
		};
		B5A54A861C8CCB320011DED9 /* PBXContainerItemProxy */ = {
			isa = PBXContainerItemProxy;
			containerPortal = B5A54A721C8CCB0C0011DED9 /* DeviceKit.xcodeproj */;
			proxyType = 1;
			remoteGlobalIDString = 95CBDB6E1BFD2B5F0065FC66;
			remoteInfo = "DeviceKit-iOS";
		};
		B5C6F1001C4F25F70016B70E /* PBXContainerItemProxy */ = {
			isa = PBXContainerItemProxy;
			containerPortal = B5C6F0E31C4F25F70016B70E /* Project object */;
			proxyType = 1;
			remoteGlobalIDString = B5C6F0EA1C4F25F70016B70E;
			remoteInfo = logU;
		};
		B5C6F10B1C4F25F70016B70E /* PBXContainerItemProxy */ = {
			isa = PBXContainerItemProxy;
			containerPortal = B5C6F0E31C4F25F70016B70E /* Project object */;
			proxyType = 1;
			remoteGlobalIDString = B5C6F0EA1C4F25F70016B70E;
			remoteInfo = logU;
		};
		B5C6F13E1C4F26DD0016B70E /* PBXContainerItemProxy */ = {
			isa = PBXContainerItemProxy;
			containerPortal = B5C6F1381C4F26DD0016B70E /* Charts.xcodeproj */;
			proxyType = 2;
			remoteGlobalIDString = 5BA8EC401A9D14DC00CE82E1;
			remoteInfo = "Charts-iOS";
		};
		B5C6F1401C4F26DD0016B70E /* PBXContainerItemProxy */ = {
			isa = PBXContainerItemProxy;
			containerPortal = B5C6F1381C4F26DD0016B70E /* Charts.xcodeproj */;
			proxyType = 2;
			remoteGlobalIDString = A52C5C371BAC5CA400594CDD;
			remoteInfo = "Charts-TV";
		};
		B5C6F1421C4F26DD0016B70E /* PBXContainerItemProxy */ = {
			isa = PBXContainerItemProxy;
			containerPortal = B5C6F1381C4F26DD0016B70E /* Charts.xcodeproj */;
			proxyType = 2;
			remoteGlobalIDString = 06AEE7A21BDC3F8B009875AE;
			remoteInfo = ChartsTests;
		};
		B5C6F1461C4F26EA0016B70E /* PBXContainerItemProxy */ = {
			isa = PBXContainerItemProxy;
			containerPortal = B5C6F1381C4F26DD0016B70E /* Charts.xcodeproj */;
			proxyType = 1;
			remoteGlobalIDString = 5BA8EC3F1A9D14DC00CE82E1;
			remoteInfo = "Charts-iOS";
		};
/* End PBXContainerItemProxy section */

/* Begin PBXCopyFilesBuildPhase section */
		B5C6F1481C4F26EA0016B70E /* Embed Frameworks */ = {
			isa = PBXCopyFilesBuildPhase;
			buildActionMask = 2147483647;
			dstPath = "";
			dstSubfolderSpec = 10;
			files = (
				B5A54A851C8CCB320011DED9 /* DeviceKit.framework in Embed Frameworks */,
				B5C6F1451C4F26EA0016B70E /* Charts.framework in Embed Frameworks */,
				B55E02441C64578A00DBACF6 /* Eureka.framework in Embed Frameworks */,
			);
			name = "Embed Frameworks";
			runOnlyForDeploymentPostprocessing = 0;
		};
/* End PBXCopyFilesBuildPhase section */

/* Begin PBXFileReference section */
		3601FF037A14C8202DF4EBF8 /* Pods.debug.xcconfig */ = {isa = PBXFileReference; includeInIndex = 1; lastKnownFileType = text.xcconfig; name = Pods.debug.xcconfig; path = "Pods/Target Support Files/Pods/Pods.debug.xcconfig"; sourceTree = "<group>"; };
		8662D7FD95C3E17426C38563 /* Pods.release.xcconfig */ = {isa = PBXFileReference; includeInIndex = 1; lastKnownFileType = text.xcconfig; name = Pods.release.xcconfig; path = "Pods/Target Support Files/Pods/Pods.release.xcconfig"; sourceTree = "<group>"; };
		8BB596DA1C513968003B98BA /* ConnectionTest.swift */ = {isa = PBXFileReference; fileEncoding = 4; lastKnownFileType = sourcecode.swift; path = ConnectionTest.swift; sourceTree = "<group>"; };
		8BB596DF1C513BE8003B98BA /* LiftDataModel.xcdatamodel */ = {isa = PBXFileReference; lastKnownFileType = wrapper.xcdatamodel; path = LiftDataModel.xcdatamodel; sourceTree = "<group>"; };
		8BB596E11C514449003B98BA /* OfflineRequest.swift */ = {isa = PBXFileReference; fileEncoding = 4; lastKnownFileType = sourcecode.swift; path = OfflineRequest.swift; sourceTree = "<group>"; };
		ACF0D323F1ACAA97C55B4611 /* Pods.framework */ = {isa = PBXFileReference; explicitFileType = wrapper.framework; includeInIndex = 0; path = Pods.framework; sourceTree = BUILT_PRODUCTS_DIR; };
		B505D0241C55B5AE00C09549 /* SettingsTableViewController.swift */ = {isa = PBXFileReference; fileEncoding = 4; lastKnownFileType = sourcecode.swift; path = SettingsTableViewController.swift; sourceTree = "<group>"; };
		B505D0281C55C27500C09549 /* SettingsTableViewCell.swift */ = {isa = PBXFileReference; fileEncoding = 4; lastKnownFileType = sourcecode.swift; path = SettingsTableViewCell.swift; sourceTree = "<group>"; };
		B505D02A1C55CEDB00C09549 /* Settings.swift */ = {isa = PBXFileReference; fileEncoding = 4; lastKnownFileType = sourcecode.swift; path = Settings.swift; sourceTree = "<group>"; };
		B5069C101C7AB66500E0BBC4 /* logU-Bridging-Header.h */ = {isa = PBXFileReference; lastKnownFileType = sourcecode.c.h; path = "logU-Bridging-Header.h"; sourceTree = "<group>"; };
		B52FFA551C62F16A00C5F481 /* StatsData.swift */ = {isa = PBXFileReference; fileEncoding = 4; lastKnownFileType = sourcecode.swift; path = StatsData.swift; sourceTree = "<group>"; };
		B55E02381C64577300DBACF6 /* Eureka.xcodeproj */ = {isa = PBXFileReference; lastKnownFileType = "wrapper.pb-project"; name = Eureka.xcodeproj; path = Eureka/Eureka.xcodeproj; sourceTree = SOURCE_ROOT; };
		B55E02471C6457C200DBACF6 /* LogLift.swift */ = {isa = PBXFileReference; fileEncoding = 4; lastKnownFileType = sourcecode.swift; path = LogLift.swift; sourceTree = "<group>"; };
		B56863DB1C58374B0065D641 /* DashData.swift */ = {isa = PBXFileReference; fileEncoding = 4; lastKnownFileType = sourcecode.swift; path = DashData.swift; sourceTree = "<group>"; };
		B56863DF1C59A1A70065D641 /* SignUpViewController.swift */ = {isa = PBXFileReference; fileEncoding = 4; lastKnownFileType = sourcecode.swift; path = SignUpViewController.swift; sourceTree = "<group>"; };
		B5787C361C7AA2B400694C44 /* JsonData.swift */ = {isa = PBXFileReference; fileEncoding = 4; lastKnownFileType = sourcecode.swift; path = JsonData.swift; sourceTree = "<group>"; };
		B5787C381C7AA36D00694C44 /* DeleteAccount.swift */ = {isa = PBXFileReference; fileEncoding = 4; lastKnownFileType = sourcecode.swift; path = DeleteAccount.swift; sourceTree = "<group>"; };
		B586A19A1C8A6BF9006636D7 /* EditLift.swift */ = {isa = PBXFileReference; fileEncoding = 4; lastKnownFileType = sourcecode.swift; path = EditLift.swift; sourceTree = "<group>"; };
		B58E938E1C6EDFED00CFC8CA /* Theme.swift */ = {isa = PBXFileReference; fileEncoding = 4; lastKnownFileType = sourcecode.swift; path = Theme.swift; sourceTree = "<group>"; };
		B5A54A721C8CCB0C0011DED9 /* DeviceKit.xcodeproj */ = {isa = PBXFileReference; lastKnownFileType = "wrapper.pb-project"; name = DeviceKit.xcodeproj; path = "DeviceKit-master/DeviceKit.xcodeproj"; sourceTree = "<group>"; };
		B5AEB2F01C7FF8F6006FC791 /* FrequencyTableViewCell.swift */ = {isa = PBXFileReference; fileEncoding = 4; lastKnownFileType = sourcecode.swift; path = FrequencyTableViewCell.swift; sourceTree = "<group>"; };
		B5AEB2F21C7FF9A5006FC791 /* FrequencyTableViewController.swift */ = {isa = PBXFileReference; fileEncoding = 4; lastKnownFileType = sourcecode.swift; path = FrequencyTableViewController.swift; sourceTree = "<group>"; };
		B5C6E7931C8CC9180096D267 /* DeviceKit.framework */ = {isa = PBXFileReference; lastKnownFileType = wrapper.framework; name = DeviceKit.framework; path = "Pods/../build/Debug-iphoneos/DeviceKit.framework"; sourceTree = "<group>"; };
		B5C6F0EB1C4F25F70016B70E /* logU.app */ = {isa = PBXFileReference; explicitFileType = wrapper.application; includeInIndex = 0; path = logU.app; sourceTree = BUILT_PRODUCTS_DIR; };
		B5C6F0FF1C4F25F70016B70E /* logUTests.xctest */ = {isa = PBXFileReference; explicitFileType = wrapper.cfbundle; includeInIndex = 0; path = logUTests.xctest; sourceTree = BUILT_PRODUCTS_DIR; };
		B5C6F1031C4F25F70016B70E /* logUTests.swift */ = {isa = PBXFileReference; lastKnownFileType = sourcecode.swift; path = logUTests.swift; sourceTree = "<group>"; };
		B5C6F1051C4F25F70016B70E /* Info.plist */ = {isa = PBXFileReference; lastKnownFileType = text.plist.xml; path = Info.plist; sourceTree = "<group>"; };
		B5C6F10A1C4F25F70016B70E /* logUUITests.xctest */ = {isa = PBXFileReference; explicitFileType = wrapper.cfbundle; includeInIndex = 0; path = logUUITests.xctest; sourceTree = BUILT_PRODUCTS_DIR; };
		B5C6F10E1C4F25F70016B70E /* logUUITests.swift */ = {isa = PBXFileReference; lastKnownFileType = sourcecode.swift; path = logUUITests.swift; sourceTree = "<group>"; };
		B5C6F1101C4F25F70016B70E /* Info.plist */ = {isa = PBXFileReference; lastKnownFileType = text.plist.xml; path = Info.plist; sourceTree = "<group>"; };
		B5C6F11C1C4F26480016B70E /* AppDelegate.swift */ = {isa = PBXFileReference; fileEncoding = 4; lastKnownFileType = sourcecode.swift; path = AppDelegate.swift; sourceTree = "<group>"; };
		B5C6F11D1C4F26480016B70E /* Assets.xcassets */ = {isa = PBXFileReference; lastKnownFileType = folder.assetcatalog; path = Assets.xcassets; sourceTree = "<group>"; };
		B5C6F11E1C4F26480016B70E /* BenchViewController.swift */ = {isa = PBXFileReference; fileEncoding = 4; lastKnownFileType = sourcecode.swift; path = BenchViewController.swift; sourceTree = "<group>"; };
		B5C6F11F1C4F26480016B70E /* DashTableViewController.swift */ = {isa = PBXFileReference; fileEncoding = 4; lastKnownFileType = sourcecode.swift; path = DashTableViewController.swift; sourceTree = "<group>"; };
		B5C6F1201C4F26480016B70E /* DeadliftViewController.swift */ = {isa = PBXFileReference; fileEncoding = 4; lastKnownFileType = sourcecode.swift; path = DeadliftViewController.swift; sourceTree = "<group>"; };
		B5C6F1211C4F26480016B70E /* GraphData.swift */ = {isa = PBXFileReference; fileEncoding = 4; lastKnownFileType = sourcecode.swift; path = GraphData.swift; sourceTree = "<group>"; };
		B5C6F1221C4F26480016B70E /* GraphViewController.swift */ = {isa = PBXFileReference; fileEncoding = 4; lastKnownFileType = sourcecode.swift; path = GraphViewController.swift; sourceTree = "<group>"; };
		B5C6F1231C4F26480016B70E /* Info.plist */ = {isa = PBXFileReference; fileEncoding = 4; lastKnownFileType = text.plist.xml; path = Info.plist; sourceTree = "<group>"; };
		B5C6F1251C4F26480016B70E /* LiftTableViewCell.swift */ = {isa = PBXFileReference; fileEncoding = 4; lastKnownFileType = sourcecode.swift; path = LiftTableViewCell.swift; sourceTree = "<group>"; };
		B5C6F1261C4F26480016B70E /* LoginVC.swift */ = {isa = PBXFileReference; fileEncoding = 4; lastKnownFileType = sourcecode.swift; path = LoginVC.swift; sourceTree = "<group>"; };
		B5C6F1281C4F26480016B70E /* SquatViewController.swift */ = {isa = PBXFileReference; fileEncoding = 4; lastKnownFileType = sourcecode.swift; path = SquatViewController.swift; sourceTree = "<group>"; };
		B5C6F1381C4F26DD0016B70E /* Charts.xcodeproj */ = {isa = PBXFileReference; lastKnownFileType = "wrapper.pb-project"; name = Charts.xcodeproj; path = Charts/Charts.xcodeproj; sourceTree = "<group>"; };
		B5C6F14A1C4F27520016B70E /* Base */ = {isa = PBXFileReference; lastKnownFileType = file.storyboard; name = Base; path = Base.lproj/LaunchScreen.storyboard; sourceTree = "<group>"; };
		B5C6F14C1C4F27520016B70E /* Base */ = {isa = PBXFileReference; lastKnownFileType = file.storyboard; name = Base; path = Base.lproj/Main.storyboard; sourceTree = "<group>"; };
		B5C6F1571C4F3A9E0016B70E /* StatsTableViewController.swift */ = {isa = PBXFileReference; fileEncoding = 4; lastKnownFileType = sourcecode.swift; path = StatsTableViewController.swift; sourceTree = "<group>"; };
		B5C6F1591C4F3AFE0016B70E /* StatsTableViewCell.swift */ = {isa = PBXFileReference; fileEncoding = 4; lastKnownFileType = sourcecode.swift; path = StatsTableViewCell.swift; sourceTree = "<group>"; };
		B5C6F15B1C4F40DF0016B70E /* MaxesTableViewController.swift */ = {isa = PBXFileReference; fileEncoding = 4; lastKnownFileType = sourcecode.swift; path = MaxesTableViewController.swift; sourceTree = "<group>"; };
		B5C6F15D1C4F45240016B70E /* MaxesTableViewCell.swift */ = {isa = PBXFileReference; fileEncoding = 4; lastKnownFileType = sourcecode.swift; path = MaxesTableViewCell.swift; sourceTree = "<group>"; };
		B5C6F1671C557ACD0016B70E /* PoundageTableViewCell.swift */ = {isa = PBXFileReference; fileEncoding = 4; lastKnownFileType = sourcecode.swift; path = PoundageTableViewCell.swift; sourceTree = "<group>"; };
		B5C6F16B1C557B4E0016B70E /* PoundageTableViewController.swift */ = {isa = PBXFileReference; fileEncoding = 4; lastKnownFileType = sourcecode.swift; path = PoundageTableViewController.swift; sourceTree = "<group>"; };
		B5F5D8971C6FA23B0037B51B /* GraphSegmented.swift */ = {isa = PBXFileReference; fileEncoding = 4; lastKnownFileType = sourcecode.swift; path = GraphSegmented.swift; sourceTree = "<group>"; };
		B5F5D89C1C6FA3110037B51B /* SegmentedControlParentVC.swift */ = {isa = PBXFileReference; fileEncoding = 4; lastKnownFileType = sourcecode.swift; path = SegmentedControlParentVC.swift; sourceTree = "<group>"; };
/* End PBXFileReference section */

/* Begin PBXFrameworksBuildPhase section */
		B5C6F0E81C4F25F70016B70E /* Frameworks */ = {
			isa = PBXFrameworksBuildPhase;
			buildActionMask = 2147483647;
			files = (
				B5C6F1441C4F26EA0016B70E /* Charts.framework in Frameworks */,
				B55E02431C64578A00DBACF6 /* Eureka.framework in Frameworks */,
				C681BE885C54F2E0D318C54E /* Pods.framework in Frameworks */,
				B5A54A841C8CCB320011DED9 /* DeviceKit.framework in Frameworks */,
			);
			runOnlyForDeploymentPostprocessing = 0;
		};
		B5C6F0FC1C4F25F70016B70E /* Frameworks */ = {
			isa = PBXFrameworksBuildPhase;
			buildActionMask = 2147483647;
			files = (
			);
			runOnlyForDeploymentPostprocessing = 0;
		};
		B5C6F1071C4F25F70016B70E /* Frameworks */ = {
			isa = PBXFrameworksBuildPhase;
			buildActionMask = 2147483647;
			files = (
			);
			runOnlyForDeploymentPostprocessing = 0;
		};
/* End PBXFrameworksBuildPhase section */

/* Begin PBXGroup section */
		1DD5D21B4CEA8AC2976CD0CA /* Frameworks */ = {
			isa = PBXGroup;
			children = (
				B5C6E7931C8CC9180096D267 /* DeviceKit.framework */,
				ACF0D323F1ACAA97C55B4611 /* Pods.framework */,
			);
			name = Frameworks;
			sourceTree = "<group>";
		};
		B55E02391C64577300DBACF6 /* Products */ = {
			isa = PBXGroup;
			children = (
				B55E02401C64577300DBACF6 /* Eureka.framework */,
				B55E02421C64577300DBACF6 /* EurekaTests.xctest */,
			);
			name = Products;
			sourceTree = "<group>";
		};
		B5A54A731C8CCB0C0011DED9 /* Products */ = {
			isa = PBXGroup;
			children = (
				B5A54A7C1C8CCB0C0011DED9 /* DeviceKit.framework */,
				B5A54A7E1C8CCB0C0011DED9 /* DeviceKit-iOSTests.xctest */,
				B5A54A801C8CCB0C0011DED9 /* DeviceKit.framework */,
				B5A54A821C8CCB0C0011DED9 /* DeviceKit-tvOSTests.xctest */,
			);
			name = Products;
			sourceTree = "<group>";
		};
		B5C6F0E21C4F25F70016B70E = {
			isa = PBXGroup;
			children = (
				B5C6F0ED1C4F25F70016B70E /* logU */,
				B5C6F1021C4F25F70016B70E /* logUTests */,
				B5C6F10D1C4F25F70016B70E /* logUUITests */,
				B5C6F0EC1C4F25F70016B70E /* Products */,
				CCBB029C4878176050EEA2A5 /* Pods */,
				1DD5D21B4CEA8AC2976CD0CA /* Frameworks */,
			);
			sourceTree = "<group>";
		};
		B5C6F0EC1C4F25F70016B70E /* Products */ = {
			isa = PBXGroup;
			children = (
				B5C6F0EB1C4F25F70016B70E /* logU.app */,
				B5C6F0FF1C4F25F70016B70E /* logUTests.xctest */,
				B5C6F10A1C4F25F70016B70E /* logUUITests.xctest */,
			);
			name = Products;
			sourceTree = "<group>";
		};
		B5C6F0ED1C4F25F70016B70E /* logU */ = {
			isa = PBXGroup;
			children = (
				B586A19A1C8A6BF9006636D7 /* EditLift.swift */,
				B5787C381C7AA36D00694C44 /* DeleteAccount.swift */,
				B56863DF1C59A1A70065D641 /* SignUpViewController.swift */,
				B56863DB1C58374B0065D641 /* DashData.swift */,
				B505D02A1C55CEDB00C09549 /* Settings.swift */,
				B505D0241C55B5AE00C09549 /* SettingsTableViewController.swift */,
				B505D0281C55C27500C09549 /* SettingsTableViewCell.swift */,
				B5787C361C7AA2B400694C44 /* JsonData.swift */,
				B5C6F1671C557ACD0016B70E /* PoundageTableViewCell.swift */,
				B5C6F16B1C557B4E0016B70E /* PoundageTableViewController.swift */,
				B5AEB2F01C7FF8F6006FC791 /* FrequencyTableViewCell.swift */,
				B5AEB2F21C7FF9A5006FC791 /* FrequencyTableViewController.swift */,
				B5C6F1571C4F3A9E0016B70E /* StatsTableViewController.swift */,
				B5C6F15B1C4F40DF0016B70E /* MaxesTableViewController.swift */,
				B5C6F15D1C4F45240016B70E /* MaxesTableViewCell.swift */,
				B5C6F1591C4F3AFE0016B70E /* StatsTableViewCell.swift */,
				B5C6F11C1C4F26480016B70E /* AppDelegate.swift */,
				B5A54A721C8CCB0C0011DED9 /* DeviceKit.xcodeproj */,
				B55E02381C64577300DBACF6 /* Eureka.xcodeproj */,
				B5C6F1381C4F26DD0016B70E /* Charts.xcodeproj */,
				B5C6F11D1C4F26480016B70E /* Assets.xcassets */,
				B5C6F11E1C4F26480016B70E /* BenchViewController.swift */,
				B5C6F11F1C4F26480016B70E /* DashTableViewController.swift */,
				B52FFA551C62F16A00C5F481 /* StatsData.swift */,
				B5C6F1201C4F26480016B70E /* DeadliftViewController.swift */,
				B5C6F1491C4F27520016B70E /* LaunchScreen.storyboard */,
				B5C6F14B1C4F27520016B70E /* Main.storyboard */,
				B5C6F1211C4F26480016B70E /* GraphData.swift */,
				B5C6F1221C4F26480016B70E /* GraphViewController.swift */,
				B5C6F1231C4F26480016B70E /* Info.plist */,
				B5C6F1251C4F26480016B70E /* LiftTableViewCell.swift */,
				B5C6F1261C4F26480016B70E /* LoginVC.swift */,
				B5C6F1281C4F26480016B70E /* SquatViewController.swift */,
				8BB596DA1C513968003B98BA /* ConnectionTest.swift */,
				8BB596DE1C513BE8003B98BA /* LiftDataModel.xcdatamodeld */,
				8BB596E11C514449003B98BA /* OfflineRequest.swift */,
				B55E02471C6457C200DBACF6 /* LogLift.swift */,
				B58E938E1C6EDFED00CFC8CA /* Theme.swift */,
				B5F5D8971C6FA23B0037B51B /* GraphSegmented.swift */,
				B5F5D89C1C6FA3110037B51B /* SegmentedControlParentVC.swift */,
				B5069C101C7AB66500E0BBC4 /* logU-Bridging-Header.h */,
			);
			path = logU;
			sourceTree = "<group>";
		};
		B5C6F1021C4F25F70016B70E /* logUTests */ = {
			isa = PBXGroup;
			children = (
				B5C6F1031C4F25F70016B70E /* logUTests.swift */,
				B5C6F1051C4F25F70016B70E /* Info.plist */,
			);
			path = logUTests;
			sourceTree = "<group>";
		};
		B5C6F10D1C4F25F70016B70E /* logUUITests */ = {
			isa = PBXGroup;
			children = (
				B5C6F10E1C4F25F70016B70E /* logUUITests.swift */,
				B5C6F1101C4F25F70016B70E /* Info.plist */,
			);
			path = logUUITests;
			sourceTree = "<group>";
		};
		B5C6F1391C4F26DD0016B70E /* Products */ = {
			isa = PBXGroup;
			children = (
				B5C6F13F1C4F26DD0016B70E /* Charts.framework */,
				B5C6F1411C4F26DD0016B70E /* Charts.framework */,
				B5C6F1431C4F26DD0016B70E /* ChartsTests.xctest */,
			);
			name = Products;
			sourceTree = "<group>";
		};
		CCBB029C4878176050EEA2A5 /* Pods */ = {
			isa = PBXGroup;
			children = (
				3601FF037A14C8202DF4EBF8 /* Pods.debug.xcconfig */,
				8662D7FD95C3E17426C38563 /* Pods.release.xcconfig */,
			);
			name = Pods;
			sourceTree = "<group>";
		};
/* End PBXGroup section */

/* Begin PBXNativeTarget section */
		B5C6F0EA1C4F25F70016B70E /* logU */ = {
			isa = PBXNativeTarget;
			buildConfigurationList = B5C6F1131C4F25F70016B70E /* Build configuration list for PBXNativeTarget "logU" */;
			buildPhases = (
				6354BFBA6ECFA8DE6CCF200D /* Check Pods Manifest.lock */,
				B5C6F0E71C4F25F70016B70E /* Sources */,
				B5C6F0E81C4F25F70016B70E /* Frameworks */,
				B5C6F0E91C4F25F70016B70E /* Resources */,
				B5C6F1481C4F26EA0016B70E /* Embed Frameworks */,
				F66FD0123B84CB5E08C4FE90 /* Embed Pods Frameworks */,
				06E6CA1823C07C7E748D8A15 /* Copy Pods Resources */,
			);
			buildRules = (
			);
			dependencies = (
				B5C6F1471C4F26EA0016B70E /* PBXTargetDependency */,
				B55E02461C64578A00DBACF6 /* PBXTargetDependency */,
				B5A54A871C8CCB320011DED9 /* PBXTargetDependency */,
			);
			name = logU;
			productName = logU;
			productReference = B5C6F0EB1C4F25F70016B70E /* logU.app */;
			productType = "com.apple.product-type.application";
		};
		B5C6F0FE1C4F25F70016B70E /* logUTests */ = {
			isa = PBXNativeTarget;
			buildConfigurationList = B5C6F1161C4F25F70016B70E /* Build configuration list for PBXNativeTarget "logUTests" */;
			buildPhases = (
				B5C6F0FB1C4F25F70016B70E /* Sources */,
				B5C6F0FC1C4F25F70016B70E /* Frameworks */,
				B5C6F0FD1C4F25F70016B70E /* Resources */,
			);
			buildRules = (
			);
			dependencies = (
				B5C6F1011C4F25F70016B70E /* PBXTargetDependency */,
			);
			name = logUTests;
			productName = logUTests;
			productReference = B5C6F0FF1C4F25F70016B70E /* logUTests.xctest */;
			productType = "com.apple.product-type.bundle.unit-test";
		};
		B5C6F1091C4F25F70016B70E /* logUUITests */ = {
			isa = PBXNativeTarget;
			buildConfigurationList = B5C6F1191C4F25F70016B70E /* Build configuration list for PBXNativeTarget "logUUITests" */;
			buildPhases = (
				B5C6F1061C4F25F70016B70E /* Sources */,
				B5C6F1071C4F25F70016B70E /* Frameworks */,
				B5C6F1081C4F25F70016B70E /* Resources */,
			);
			buildRules = (
			);
			dependencies = (
				B5C6F10C1C4F25F70016B70E /* PBXTargetDependency */,
			);
			name = logUUITests;
			productName = logUUITests;
			productReference = B5C6F10A1C4F25F70016B70E /* logUUITests.xctest */;
			productType = "com.apple.product-type.bundle.ui-testing";
		};
/* End PBXNativeTarget section */

/* Begin PBXProject section */
		B5C6F0E31C4F25F70016B70E /* Project object */ = {
			isa = PBXProject;
			attributes = {
				LastSwiftUpdateCheck = 0720;
				LastUpgradeCheck = 0720;
				ORGANIZATIONNAME = "Brett Alcox";
				TargetAttributes = {
					B5C6F0EA1C4F25F70016B70E = {
						CreatedOnToolsVersion = 7.2;
						DevelopmentTeam = 54B57CN46G;
					};
					B5C6F0FE1C4F25F70016B70E = {
						CreatedOnToolsVersion = 7.2;
						DevelopmentTeam = 5ZKVT2JH9J;
						TestTargetID = B5C6F0EA1C4F25F70016B70E;
					};
					B5C6F1091C4F25F70016B70E = {
						CreatedOnToolsVersion = 7.2;
						DevelopmentTeam = 5ZKVT2JH9J;
						TestTargetID = B5C6F0EA1C4F25F70016B70E;
					};
				};
			};
			buildConfigurationList = B5C6F0E61C4F25F70016B70E /* Build configuration list for PBXProject "logU" */;
			compatibilityVersion = "Xcode 3.2";
			developmentRegion = English;
			hasScannedForEncodings = 0;
			knownRegions = (
				en,
				Base,
			);
			mainGroup = B5C6F0E21C4F25F70016B70E;
			productRefGroup = B5C6F0EC1C4F25F70016B70E /* Products */;
			projectDirPath = "";
			projectReferences = (
				{
					ProductGroup = B5C6F1391C4F26DD0016B70E /* Products */;
					ProjectRef = B5C6F1381C4F26DD0016B70E /* Charts.xcodeproj */;
				},
				{
					ProductGroup = B5A54A731C8CCB0C0011DED9 /* Products */;
					ProjectRef = B5A54A721C8CCB0C0011DED9 /* DeviceKit.xcodeproj */;
				},
				{
					ProductGroup = B55E02391C64577300DBACF6 /* Products */;
					ProjectRef = B55E02381C64577300DBACF6 /* Eureka.xcodeproj */;
				},
			);
			projectRoot = "";
			targets = (
				B5C6F0EA1C4F25F70016B70E /* logU */,
				B5C6F0FE1C4F25F70016B70E /* logUTests */,
				B5C6F1091C4F25F70016B70E /* logUUITests */,
			);
		};
/* End PBXProject section */

/* Begin PBXReferenceProxy section */
		B55E02401C64577300DBACF6 /* Eureka.framework */ = {
			isa = PBXReferenceProxy;
			fileType = wrapper.framework;
			path = Eureka.framework;
			remoteRef = B55E023F1C64577300DBACF6 /* PBXContainerItemProxy */;
			sourceTree = BUILT_PRODUCTS_DIR;
		};
		B55E02421C64577300DBACF6 /* EurekaTests.xctest */ = {
			isa = PBXReferenceProxy;
			fileType = wrapper.cfbundle;
			path = EurekaTests.xctest;
			remoteRef = B55E02411C64577300DBACF6 /* PBXContainerItemProxy */;
			sourceTree = BUILT_PRODUCTS_DIR;
		};
		B5A54A7C1C8CCB0C0011DED9 /* DeviceKit.framework */ = {
			isa = PBXReferenceProxy;
			fileType = wrapper.framework;
			path = DeviceKit.framework;
			remoteRef = B5A54A7B1C8CCB0C0011DED9 /* PBXContainerItemProxy */;
			sourceTree = BUILT_PRODUCTS_DIR;
		};
		B5A54A7E1C8CCB0C0011DED9 /* DeviceKit-iOSTests.xctest */ = {
			isa = PBXReferenceProxy;
			fileType = wrapper.cfbundle;
			path = "DeviceKit-iOSTests.xctest";
			remoteRef = B5A54A7D1C8CCB0C0011DED9 /* PBXContainerItemProxy */;
			sourceTree = BUILT_PRODUCTS_DIR;
		};
		B5A54A801C8CCB0C0011DED9 /* DeviceKit.framework */ = {
			isa = PBXReferenceProxy;
			fileType = wrapper.framework;
			path = DeviceKit.framework;
			remoteRef = B5A54A7F1C8CCB0C0011DED9 /* PBXContainerItemProxy */;
			sourceTree = BUILT_PRODUCTS_DIR;
		};
		B5A54A821C8CCB0C0011DED9 /* DeviceKit-tvOSTests.xctest */ = {
			isa = PBXReferenceProxy;
			fileType = wrapper.cfbundle;
			path = "DeviceKit-tvOSTests.xctest";
			remoteRef = B5A54A811C8CCB0C0011DED9 /* PBXContainerItemProxy */;
			sourceTree = BUILT_PRODUCTS_DIR;
		};
		B5C6F13F1C4F26DD0016B70E /* Charts.framework */ = {
			isa = PBXReferenceProxy;
			fileType = wrapper.framework;
			path = Charts.framework;
			remoteRef = B5C6F13E1C4F26DD0016B70E /* PBXContainerItemProxy */;
			sourceTree = BUILT_PRODUCTS_DIR;
		};
		B5C6F1411C4F26DD0016B70E /* Charts.framework */ = {
			isa = PBXReferenceProxy;
			fileType = wrapper.framework;
			path = Charts.framework;
			remoteRef = B5C6F1401C4F26DD0016B70E /* PBXContainerItemProxy */;
			sourceTree = BUILT_PRODUCTS_DIR;
		};
		B5C6F1431C4F26DD0016B70E /* ChartsTests.xctest */ = {
			isa = PBXReferenceProxy;
			fileType = wrapper.cfbundle;
			path = ChartsTests.xctest;
			remoteRef = B5C6F1421C4F26DD0016B70E /* PBXContainerItemProxy */;
			sourceTree = BUILT_PRODUCTS_DIR;
		};
/* End PBXReferenceProxy section */

/* Begin PBXResourcesBuildPhase section */
		B5C6F0E91C4F25F70016B70E /* Resources */ = {
			isa = PBXResourcesBuildPhase;
			buildActionMask = 2147483647;
			files = (
				B5C6F14D1C4F27520016B70E /* LaunchScreen.storyboard in Resources */,
				B5C6F1311C4F26480016B70E /* Info.plist in Resources */,
				B5C6F12B1C4F26480016B70E /* Assets.xcassets in Resources */,
				B5C6F14E1C4F27520016B70E /* Main.storyboard in Resources */,
			);
			runOnlyForDeploymentPostprocessing = 0;
		};
		B5C6F0FD1C4F25F70016B70E /* Resources */ = {
			isa = PBXResourcesBuildPhase;
			buildActionMask = 2147483647;
			files = (
			);
			runOnlyForDeploymentPostprocessing = 0;
		};
		B5C6F1081C4F25F70016B70E /* Resources */ = {
			isa = PBXResourcesBuildPhase;
			buildActionMask = 2147483647;
			files = (
			);
			runOnlyForDeploymentPostprocessing = 0;
		};
/* End PBXResourcesBuildPhase section */

/* Begin PBXShellScriptBuildPhase section */
		06E6CA1823C07C7E748D8A15 /* Copy Pods Resources */ = {
			isa = PBXShellScriptBuildPhase;
			buildActionMask = 2147483647;
			files = (
			);
			inputPaths = (
			);
			name = "Copy Pods Resources";
			outputPaths = (
			);
			runOnlyForDeploymentPostprocessing = 0;
			shellPath = /bin/sh;
			shellScript = "\"${SRCROOT}/Pods/Target Support Files/Pods/Pods-resources.sh\"\n";
			showEnvVarsInLog = 0;
		};
		6354BFBA6ECFA8DE6CCF200D /* Check Pods Manifest.lock */ = {
			isa = PBXShellScriptBuildPhase;
			buildActionMask = 2147483647;
			files = (
			);
			inputPaths = (
			);
			name = "Check Pods Manifest.lock";
			outputPaths = (
			);
			runOnlyForDeploymentPostprocessing = 0;
			shellPath = /bin/sh;
			shellScript = "diff \"${PODS_ROOT}/../Podfile.lock\" \"${PODS_ROOT}/Manifest.lock\" > /dev/null\nif [[ $? != 0 ]] ; then\n    cat << EOM\nerror: The sandbox is not in sync with the Podfile.lock. Run 'pod install' or update your CocoaPods installation.\nEOM\n    exit 1\nfi\n";
			showEnvVarsInLog = 0;
		};
		F66FD0123B84CB5E08C4FE90 /* Embed Pods Frameworks */ = {
			isa = PBXShellScriptBuildPhase;
			buildActionMask = 2147483647;
			files = (
			);
			inputPaths = (
			);
			name = "Embed Pods Frameworks";
			outputPaths = (
			);
			runOnlyForDeploymentPostprocessing = 0;
			shellPath = /bin/sh;
			shellScript = "\"${SRCROOT}/Pods/Target Support Files/Pods/Pods-frameworks.sh\"\n";
			showEnvVarsInLog = 0;
		};
/* End PBXShellScriptBuildPhase section */

/* Begin PBXSourcesBuildPhase section */
		B5C6F0E71C4F25F70016B70E /* Sources */ = {
			isa = PBXSourcesBuildPhase;
			buildActionMask = 2147483647;
			files = (
				B52FFA561C62F16A00C5F481 /* StatsData.swift in Sources */,
				B5F5D89D1C6FA3110037B51B /* SegmentedControlParentVC.swift in Sources */,
				B5C6F12A1C4F26480016B70E /* AppDelegate.swift in Sources */,
				8BB596DB1C513968003B98BA /* ConnectionTest.swift in Sources */,
				B5C6F12C1C4F26480016B70E /* BenchViewController.swift in Sources */,
				B5F5D8981C6FA23B0037B51B /* GraphSegmented.swift in Sources */,
				B5787C391C7AA36D00694C44 /* DeleteAccount.swift in Sources */,
				B5C6F15E1C4F45240016B70E /* MaxesTableViewCell.swift in Sources */,
				8BB596E21C514449003B98BA /* OfflineRequest.swift in Sources */,
				B5C6F12D1C4F26480016B70E /* DashTableViewController.swift in Sources */,
				B5787C371C7AA2B400694C44 /* JsonData.swift in Sources */,
				B5C6F15A1C4F3AFE0016B70E /* StatsTableViewCell.swift in Sources */,
				B5AEB2F11C7FF8F6006FC791 /* FrequencyTableViewCell.swift in Sources */,
				B5C6F1581C4F3A9E0016B70E /* StatsTableViewController.swift in Sources */,
				B5AEB2F31C7FF9A5006FC791 /* FrequencyTableViewController.swift in Sources */,
				B5C6F16C1C557B4E0016B70E /* PoundageTableViewController.swift in Sources */,
				B5C6F1361C4F26480016B70E /* SquatViewController.swift in Sources */,
				B58E938F1C6EDFED00CFC8CA /* Theme.swift in Sources */,
				B5C6F15C1C4F40DF0016B70E /* MaxesTableViewController.swift in Sources */,
				B5C6F1681C557ACD0016B70E /* PoundageTableViewCell.swift in Sources */,
				B505D0251C55B5AE00C09549 /* SettingsTableViewController.swift in Sources */,
				B56863DC1C58374B0065D641 /* DashData.swift in Sources */,
				8BB596E01C513BE8003B98BA /* LiftDataModel.xcdatamodeld in Sources */,
				B5C6F1331C4F26480016B70E /* LiftTableViewCell.swift in Sources */,
				B586A19B1C8A6BF9006636D7 /* EditLift.swift in Sources */,
				B505D02B1C55CEDB00C09549 /* Settings.swift in Sources */,
				B55E02481C6457C200DBACF6 /* LogLift.swift in Sources */,
				B5C6F1341C4F26480016B70E /* LoginVC.swift in Sources */,
				B5C6F1301C4F26480016B70E /* GraphViewController.swift in Sources */,
				B505D0291C55C27500C09549 /* SettingsTableViewCell.swift in Sources */,
				B5C6F12F1C4F26480016B70E /* GraphData.swift in Sources */,
				B56863E01C59A1A70065D641 /* SignUpViewController.swift in Sources */,
				B5C6F12E1C4F26480016B70E /* DeadliftViewController.swift in Sources */,
			);
			runOnlyForDeploymentPostprocessing = 0;
		};
		B5C6F0FB1C4F25F70016B70E /* Sources */ = {
			isa = PBXSourcesBuildPhase;
			buildActionMask = 2147483647;
			files = (
				B5C6F1041C4F25F70016B70E /* logUTests.swift in Sources */,
			);
			runOnlyForDeploymentPostprocessing = 0;
		};
		B5C6F1061C4F25F70016B70E /* Sources */ = {
			isa = PBXSourcesBuildPhase;
			buildActionMask = 2147483647;
			files = (
				B5C6F10F1C4F25F70016B70E /* logUUITests.swift in Sources */,
			);
			runOnlyForDeploymentPostprocessing = 0;
		};
/* End PBXSourcesBuildPhase section */

/* Begin PBXTargetDependency section */
		B55E02461C64578A00DBACF6 /* PBXTargetDependency */ = {
			isa = PBXTargetDependency;
			name = Eureka;
			targetProxy = B55E02451C64578A00DBACF6 /* PBXContainerItemProxy */;
		};
		B5A54A871C8CCB320011DED9 /* PBXTargetDependency */ = {
			isa = PBXTargetDependency;
			name = "DeviceKit-iOS";
			targetProxy = B5A54A861C8CCB320011DED9 /* PBXContainerItemProxy */;
		};
		B5C6F1011C4F25F70016B70E /* PBXTargetDependency */ = {
			isa = PBXTargetDependency;
			target = B5C6F0EA1C4F25F70016B70E /* logU */;
			targetProxy = B5C6F1001C4F25F70016B70E /* PBXContainerItemProxy */;
		};
		B5C6F10C1C4F25F70016B70E /* PBXTargetDependency */ = {
			isa = PBXTargetDependency;
			target = B5C6F0EA1C4F25F70016B70E /* logU */;
			targetProxy = B5C6F10B1C4F25F70016B70E /* PBXContainerItemProxy */;
		};
		B5C6F1471C4F26EA0016B70E /* PBXTargetDependency */ = {
			isa = PBXTargetDependency;
			name = "Charts-iOS";
			targetProxy = B5C6F1461C4F26EA0016B70E /* PBXContainerItemProxy */;
		};
/* End PBXTargetDependency section */

/* Begin PBXVariantGroup section */
		B5C6F1491C4F27520016B70E /* LaunchScreen.storyboard */ = {
			isa = PBXVariantGroup;
			children = (
				B5C6F14A1C4F27520016B70E /* Base */,
			);
			name = LaunchScreen.storyboard;
			sourceTree = "<group>";
		};
		B5C6F14B1C4F27520016B70E /* Main.storyboard */ = {
			isa = PBXVariantGroup;
			children = (
				B5C6F14C1C4F27520016B70E /* Base */,
			);
			name = Main.storyboard;
			sourceTree = "<group>";
		};
/* End PBXVariantGroup section */

/* Begin XCBuildConfiguration section */
		B5C6F1111C4F25F70016B70E /* Debug */ = {
			isa = XCBuildConfiguration;
			buildSettings = {
				ALWAYS_SEARCH_USER_PATHS = NO;
				CLANG_CXX_LANGUAGE_STANDARD = "gnu++0x";
				CLANG_CXX_LIBRARY = "libc++";
				CLANG_ENABLE_MODULES = YES;
				CLANG_ENABLE_OBJC_ARC = YES;
				CLANG_WARN_BOOL_CONVERSION = YES;
				CLANG_WARN_CONSTANT_CONVERSION = YES;
				CLANG_WARN_DIRECT_OBJC_ISA_USAGE = YES_ERROR;
				CLANG_WARN_EMPTY_BODY = YES;
				CLANG_WARN_ENUM_CONVERSION = YES;
				CLANG_WARN_INT_CONVERSION = YES;
				CLANG_WARN_OBJC_ROOT_CLASS = YES_ERROR;
				CLANG_WARN_UNREACHABLE_CODE = YES;
				CLANG_WARN__DUPLICATE_METHOD_MATCH = YES;
				"CODE_SIGN_IDENTITY[sdk=iphoneos*]" = "iPhone Developer";
				COPY_PHASE_STRIP = NO;
				DEBUG_INFORMATION_FORMAT = dwarf;
				ENABLE_STRICT_OBJC_MSGSEND = YES;
				ENABLE_TESTABILITY = YES;
				GCC_C_LANGUAGE_STANDARD = gnu99;
				GCC_DYNAMIC_NO_PIC = NO;
				GCC_NO_COMMON_BLOCKS = YES;
				GCC_OPTIMIZATION_LEVEL = 0;
				GCC_PREPROCESSOR_DEFINITIONS = (
					"DEBUG=1",
					"$(inherited)",
				);
				GCC_WARN_64_TO_32_BIT_CONVERSION = YES;
				GCC_WARN_ABOUT_RETURN_TYPE = YES_ERROR;
				GCC_WARN_UNDECLARED_SELECTOR = YES;
				GCC_WARN_UNINITIALIZED_AUTOS = YES_AGGRESSIVE;
				GCC_WARN_UNUSED_FUNCTION = YES;
				GCC_WARN_UNUSED_VARIABLE = YES;
				IPHONEOS_DEPLOYMENT_TARGET = 9.2;
				MTL_ENABLE_DEBUG_INFO = YES;
				ONLY_ACTIVE_ARCH = YES;
				SDKROOT = iphoneos;
				SWIFT_OPTIMIZATION_LEVEL = "-Onone";
				TARGETED_DEVICE_FAMILY = "1,2";
			};
			name = Debug;
		};
		B5C6F1121C4F25F70016B70E /* Release */ = {
			isa = XCBuildConfiguration;
			buildSettings = {
				ALWAYS_SEARCH_USER_PATHS = NO;
				CLANG_CXX_LANGUAGE_STANDARD = "gnu++0x";
				CLANG_CXX_LIBRARY = "libc++";
				CLANG_ENABLE_MODULES = YES;
				CLANG_ENABLE_OBJC_ARC = YES;
				CLANG_WARN_BOOL_CONVERSION = YES;
				CLANG_WARN_CONSTANT_CONVERSION = YES;
				CLANG_WARN_DIRECT_OBJC_ISA_USAGE = YES_ERROR;
				CLANG_WARN_EMPTY_BODY = YES;
				CLANG_WARN_ENUM_CONVERSION = YES;
				CLANG_WARN_INT_CONVERSION = YES;
				CLANG_WARN_OBJC_ROOT_CLASS = YES_ERROR;
				CLANG_WARN_UNREACHABLE_CODE = YES;
				CLANG_WARN__DUPLICATE_METHOD_MATCH = YES;
				"CODE_SIGN_IDENTITY[sdk=iphoneos*]" = "iPhone Developer";
				COPY_PHASE_STRIP = NO;
				DEBUG_INFORMATION_FORMAT = "dwarf-with-dsym";
				ENABLE_NS_ASSERTIONS = NO;
				ENABLE_STRICT_OBJC_MSGSEND = YES;
				GCC_C_LANGUAGE_STANDARD = gnu99;
				GCC_NO_COMMON_BLOCKS = YES;
				GCC_WARN_64_TO_32_BIT_CONVERSION = YES;
				GCC_WARN_ABOUT_RETURN_TYPE = YES_ERROR;
				GCC_WARN_UNDECLARED_SELECTOR = YES;
				GCC_WARN_UNINITIALIZED_AUTOS = YES_AGGRESSIVE;
				GCC_WARN_UNUSED_FUNCTION = YES;
				GCC_WARN_UNUSED_VARIABLE = YES;
				IPHONEOS_DEPLOYMENT_TARGET = 9.2;
				MTL_ENABLE_DEBUG_INFO = NO;
				SDKROOT = iphoneos;
				TARGETED_DEVICE_FAMILY = "1,2";
				VALIDATE_PRODUCT = YES;
			};
			name = Release;
		};
		B5C6F1141C4F25F70016B70E /* Debug */ = {
			isa = XCBuildConfiguration;
			baseConfigurationReference = 3601FF037A14C8202DF4EBF8 /* Pods.debug.xcconfig */;
			buildSettings = {
				ASSETCATALOG_COMPILER_APPICON_NAME = AppIcon;
				CLANG_ENABLE_MODULES = YES;
				CODE_SIGN_IDENTITY = "iPhone Developer";
				EMBEDDED_CONTENT_CONTAINS_SWIFT = YES;
				FRAMEWORK_SEARCH_PATHS = (
					"$(inherited)",
					"$(PROJECT_DIR)/build/Debug-iphoneos",
				);
				INFOPLIST_FILE = logU/Info.plist;
				IPHONEOS_DEPLOYMENT_TARGET = 9.0;
				LD_RUNPATH_SEARCH_PATHS = "$(inherited) @executable_path/Frameworks";
				PRODUCT_BUNDLE_IDENTIFIER = com.logu.logu;
				PRODUCT_NAME = "$(TARGET_NAME)";
				SWIFT_OBJC_BRIDGING_HEADER = "logU/logU-Bridging-Header.h";
				SWIFT_OPTIMIZATION_LEVEL = "-Onone";
			};
			name = Debug;
		};
		B5C6F1151C4F25F70016B70E /* Release */ = {
			isa = XCBuildConfiguration;
			baseConfigurationReference = 8662D7FD95C3E17426C38563 /* Pods.release.xcconfig */;
			buildSettings = {
				ASSETCATALOG_COMPILER_APPICON_NAME = AppIcon;
				CLANG_ENABLE_MODULES = YES;
				CODE_SIGN_IDENTITY = "iPhone Developer";
				EMBEDDED_CONTENT_CONTAINS_SWIFT = YES;
				FRAMEWORK_SEARCH_PATHS = (
					"$(inherited)",
					"$(PROJECT_DIR)/build/Debug-iphoneos",
				);
				INFOPLIST_FILE = logU/Info.plist;
				IPHONEOS_DEPLOYMENT_TARGET = 9.0;
				LD_RUNPATH_SEARCH_PATHS = "$(inherited) @executable_path/Frameworks";
				PRODUCT_BUNDLE_IDENTIFIER = com.logu.logu;
				PRODUCT_NAME = "$(TARGET_NAME)";
				SWIFT_OBJC_BRIDGING_HEADER = "logU/logU-Bridging-Header.h";
			};
			name = Release;
		};
		B5C6F1171C4F25F70016B70E /* Debug */ = {
			isa = XCBuildConfiguration;
			buildSettings = {
				BUNDLE_LOADER = "$(TEST_HOST)";
				INFOPLIST_FILE = logUTests/Info.plist;
				LD_RUNPATH_SEARCH_PATHS = "$(inherited) @executable_path/Frameworks @loader_path/Frameworks";
				PRODUCT_BUNDLE_IDENTIFIER = logU.logUTests;
				PRODUCT_NAME = "$(TARGET_NAME)";
				TEST_HOST = "$(BUILT_PRODUCTS_DIR)/logU.app/logU";
			};
			name = Debug;
		};
		B5C6F1181C4F25F70016B70E /* Release */ = {
			isa = XCBuildConfiguration;
			buildSettings = {
				BUNDLE_LOADER = "$(TEST_HOST)";
				INFOPLIST_FILE = logUTests/Info.plist;
				LD_RUNPATH_SEARCH_PATHS = "$(inherited) @executable_path/Frameworks @loader_path/Frameworks";
				PRODUCT_BUNDLE_IDENTIFIER = logU.logUTests;
				PRODUCT_NAME = "$(TARGET_NAME)";
				TEST_HOST = "$(BUILT_PRODUCTS_DIR)/logU.app/logU";
			};
			name = Release;
		};
		B5C6F11A1C4F25F70016B70E /* Debug */ = {
			isa = XCBuildConfiguration;
			buildSettings = {
				INFOPLIST_FILE = logUUITests/Info.plist;
				LD_RUNPATH_SEARCH_PATHS = "$(inherited) @executable_path/Frameworks @loader_path/Frameworks";
				PRODUCT_BUNDLE_IDENTIFIER = logU.logUUITests;
				PRODUCT_NAME = "$(TARGET_NAME)";
				TEST_TARGET_NAME = logU;
				USES_XCTRUNNER = YES;
			};
			name = Debug;
		};
		B5C6F11B1C4F25F70016B70E /* Release */ = {
			isa = XCBuildConfiguration;
			buildSettings = {
				INFOPLIST_FILE = logUUITests/Info.plist;
				LD_RUNPATH_SEARCH_PATHS = "$(inherited) @executable_path/Frameworks @loader_path/Frameworks";
				PRODUCT_BUNDLE_IDENTIFIER = logU.logUUITests;
				PRODUCT_NAME = "$(TARGET_NAME)";
				TEST_TARGET_NAME = logU;
				USES_XCTRUNNER = YES;
			};
			name = Release;
		};
/* End XCBuildConfiguration section */

/* Begin XCConfigurationList section */
		B5C6F0E61C4F25F70016B70E /* Build configuration list for PBXProject "logU" */ = {
			isa = XCConfigurationList;
			buildConfigurations = (
				B5C6F1111C4F25F70016B70E /* Debug */,
				B5C6F1121C4F25F70016B70E /* Release */,
			);
			defaultConfigurationIsVisible = 0;
			defaultConfigurationName = Release;
		};
		B5C6F1131C4F25F70016B70E /* Build configuration list for PBXNativeTarget "logU" */ = {
			isa = XCConfigurationList;
			buildConfigurations = (
				B5C6F1141C4F25F70016B70E /* Debug */,
				B5C6F1151C4F25F70016B70E /* Release */,
			);
			defaultConfigurationIsVisible = 0;
			defaultConfigurationName = Release;
		};
		B5C6F1161C4F25F70016B70E /* Build configuration list for PBXNativeTarget "logUTests" */ = {
			isa = XCConfigurationList;
			buildConfigurations = (
				B5C6F1171C4F25F70016B70E /* Debug */,
				B5C6F1181C4F25F70016B70E /* Release */,
			);
			defaultConfigurationIsVisible = 0;
			defaultConfigurationName = Release;
		};
		B5C6F1191C4F25F70016B70E /* Build configuration list for PBXNativeTarget "logUUITests" */ = {
			isa = XCConfigurationList;
			buildConfigurations = (
				B5C6F11A1C4F25F70016B70E /* Debug */,
				B5C6F11B1C4F25F70016B70E /* Release */,
			);
			defaultConfigurationIsVisible = 0;
			defaultConfigurationName = Release;
		};
/* End XCConfigurationList section */

/* Begin XCVersionGroup section */
		8BB596DE1C513BE8003B98BA /* LiftDataModel.xcdatamodeld */ = {
			isa = XCVersionGroup;
			children = (
				8BB596DF1C513BE8003B98BA /* LiftDataModel.xcdatamodel */,
			);
			currentVersion = 8BB596DF1C513BE8003B98BA /* LiftDataModel.xcdatamodel */;
			path = LiftDataModel.xcdatamodeld;
			sourceTree = "<group>";
			versionGroupType = wrapper.xcdatamodel;
		};
/* End XCVersionGroup section */
	};
	rootObject = B5C6F0E31C4F25F70016B70E /* Project object */;
}
